
Microsoft Visual Studio Solution File, Format Version 12.00
# Visual Studio 2012
Project("{FAE04EC0-301F-11D3-BF4B-00C04F79EFBC}") = "Stelmashok.Generic", "lab1\Stelmashok.Generic.csproj", "{7642895D-E6B6-4622-81CE-534A4B81FB59}"
EndProject
Project("{FAE04EC0-301F-11D3-BF4B-00C04F79EFBC}") = "UnitTestProject", "UnitTestProject\UnitTestProject.csproj", "{4176405E-AE9B-4E40-89AC-56ABBADCA29C}"
EndProject
Global
	GlobalSection(SolutionConfigurationPlatforms) = preSolution
		Debug|Any CPU = Debug|Any CPU
		Release|Any CPU = Release|Any CPU
	EndGlobalSection
	GlobalSection(ProjectConfigurationPlatforms) = postSolution
		{7642895D-E6B6-4622-81CE-534A4B81FB59}.Debug|Any CPU.ActiveCfg = Debug|Any CPU
		{7642895D-E6B6-4622-81CE-534A4B81FB59}.Debug|Any CPU.Build.0 = Debug|Any CPU
		{7642895D-E6B6-4622-81CE-534A4B81FB59}.Release|Any CPU.ActiveCfg = Release|Any CPU
		{7642895D-E6B6-4622-81CE-534A4B81FB59}.Release|Any CPU.Build.0 = Release|Any CPU
		{4176405E-AE9B-4E40-89AC-56ABBADCA29C}.Debug|Any CPU.ActiveCfg = Debug|Any CPU
		{4176405E-AE9B-4E40-89AC-56ABBADCA29C}.Debug|Any CPU.Build.0 = Debug|Any CPU
		{4176405E-AE9B-4E40-89AC-56ABBADCA29C}.Release|Any CPU.ActiveCfg = Release|Any CPU
		{4176405E-AE9B-4E40-89AC-56ABBADCA29C}.Release|Any CPU.Build.0 = Release|Any CPU
	EndGlobalSection
	GlobalSection(SolutionProperties) = preSolution
		HideSolutionNode = FALSE
	EndGlobalSection
EndGlobal
